
Microsoft Visual Studio Solution File, Format Version 12.00
# Visual Studio Version 16
VisualStudioVersion = 16.0.32802.440
MinimumVisualStudioVersion = 10.0.40219.1
Project("{FAE04EC0-301F-11D3-BF4B-00C04F79EFBC}") = "PizzaProject", "PizzaProject\PizzaProject.csproj", "{0940A8E4-9C93-4CFD-8CEF-AAB010D6BC68}"
EndProject
Project("{FAE04EC0-301F-11D3-BF4B-00C04F79EFBC}") = "Test", "Test\Test.csproj", "{132192FF-5C0E-4608-B078-855534BDFF0A}"
EndProject
Global
	GlobalSection(SolutionConfigurationPlatforms) = preSolution
		Debug|Any CPU = Debug|Any CPU
		Release|Any CPU = Release|Any CPU
	EndGlobalSection
	GlobalSection(ProjectConfigurationPlatforms) = postSolution
		{0940A8E4-9C93-4CFD-8CEF-AAB010D6BC68}.Debug|Any CPU.ActiveCfg = Debug|Any CPU
		{0940A8E4-9C93-4CFD-8CEF-AAB010D6BC68}.Debug|Any CPU.Build.0 = Debug|Any CPU
		{0940A8E4-9C93-4CFD-8CEF-AAB010D6BC68}.Release|Any CPU.ActiveCfg = Release|Any CPU
		{0940A8E4-9C93-4CFD-8CEF-AAB010D6BC68}.Release|Any CPU.Build.0 = Release|Any CPU
		{132192FF-5C0E-4608-B078-855534BDFF0A}.Debug|Any CPU.ActiveCfg = Debug|Any CPU
		{132192FF-5C0E-4608-B078-855534BDFF0A}.Debug|Any CPU.Build.0 = Debug|Any CPU
		{132192FF-5C0E-4608-B078-855534BDFF0A}.Release|Any CPU.ActiveCfg = Release|Any CPU
		{132192FF-5C0E-4608-B078-855534BDFF0A}.Release|Any CPU.Build.0 = Release|Any CPU
	EndGlobalSection
	GlobalSection(SolutionProperties) = preSolution
		HideSolutionNode = FALSE
	EndGlobalSection
	GlobalSection(ExtensibilityGlobals) = postSolution
		SolutionGuid = {0E2E1FE4-A535-48B7-AEBA-0DBA925FFC7B}
	EndGlobalSection
EndGlobal
